
Microsoft Visual Studio Solution File, Format Version 12.00
# Visual Studio Version 16
VisualStudioVersion = 16.0.29230.47
MinimumVisualStudioVersion = 10.0.40219.1
Project("{FAE04EC0-301F-11D3-BF4B-00C04F79EFBC}") = "EmtyBin", "EmtyBin\EmtyBin.csproj", "{9F1FCC87-92F8-4ECB-A2EF-3F52B5EC8D27}"
EndProject
Global
	GlobalSection(SolutionConfigurationPlatforms) = preSolution
		Debug|Any CPU = Debug|Any CPU
		Release|Any CPU = Release|Any CPU
	EndGlobalSection
	GlobalSection(ProjectConfigurationPlatforms) = postSolution
		{9F1FCC87-92F8-4ECB-A2EF-3F52B5EC8D27}.Debug|Any CPU.ActiveCfg = Debug|Any CPU
		{9F1FCC87-92F8-4ECB-A2EF-3F52B5EC8D27}.Debug|Any CPU.Build.0 = Debug|Any CPU
		{9F1FCC87-92F8-4ECB-A2EF-3F52B5EC8D27}.Release|Any CPU.ActiveCfg = Release|Any CPU
		{9F1FCC87-92F8-4ECB-A2EF-3F52B5EC8D27}.Release|Any CPU.Build.0 = Release|Any CPU
	EndGlobalSection
	GlobalSection(SolutionProperties) = preSolution
		HideSolutionNode = FALSE
	EndGlobalSection
	GlobalSection(ExtensibilityGlobals) = postSolution
		SolutionGuid = {652FA225-B895-4405-9DCF-7084DE6AA63F}
	EndGlobalSection
EndGlobal
